
Microsoft Visual Studio Solution File, Format Version 12.00
# Visual Studio Version 17
VisualStudioVersion = 17.11.35222.181
MinimumVisualStudioVersion = 10.0.40219.1
Project("{9A19103F-16F7-4668-BE54-9A1E7A4F7556}") = "StudentWebApp", "StudentWebApp\StudentWebApp.csproj", "{036FF629-D002-4E95-9035-2DC265B8FD63}"
EndProject
Project("{9A19103F-16F7-4668-BE54-9A1E7A4F7556}") = "Students.Model", "Students.Model\Students.Model.csproj", "{638C0150-C161-4B4E-B14E-3463A1766D32}"
EndProject
Project("{FAE04EC0-301F-11D3-BF4B-00C04F79EFBC}") = "MyProject", "MyProject\MyProject.csproj", "{9CFE894D-75F6-443F-AB36-A4EAA7C21697}"
EndProject
Global
	GlobalSection(SolutionConfigurationPlatforms) = preSolution
		Debug|Any CPU = Debug|Any CPU
		Release|Any CPU = Release|Any CPU
	EndGlobalSection
	GlobalSection(ProjectConfigurationPlatforms) = postSolution
		{036FF629-D002-4E95-9035-2DC265B8FD63}.Debug|Any CPU.ActiveCfg = Debug|Any CPU
		{036FF629-D002-4E95-9035-2DC265B8FD63}.Debug|Any CPU.Build.0 = Debug|Any CPU
		{036FF629-D002-4E95-9035-2DC265B8FD63}.Release|Any CPU.ActiveCfg = Release|Any CPU
		{036FF629-D002-4E95-9035-2DC265B8FD63}.Release|Any CPU.Build.0 = Release|Any CPU
		{638C0150-C161-4B4E-B14E-3463A1766D32}.Debug|Any CPU.ActiveCfg = Debug|Any CPU
		{638C0150-C161-4B4E-B14E-3463A1766D32}.Debug|Any CPU.Build.0 = Debug|Any CPU
		{638C0150-C161-4B4E-B14E-3463A1766D32}.Release|Any CPU.ActiveCfg = Release|Any CPU
		{638C0150-C161-4B4E-B14E-3463A1766D32}.Release|Any CPU.Build.0 = Release|Any CPU
		{9CFE894D-75F6-443F-AB36-A4EAA7C21697}.Debug|Any CPU.ActiveCfg = Debug|Any CPU
		{9CFE894D-75F6-443F-AB36-A4EAA7C21697}.Debug|Any CPU.Build.0 = Debug|Any CPU
		{9CFE894D-75F6-443F-AB36-A4EAA7C21697}.Release|Any CPU.ActiveCfg = Release|Any CPU
		{9CFE894D-75F6-443F-AB36-A4EAA7C21697}.Release|Any CPU.Build.0 = Release|Any CPU
	EndGlobalSection
	GlobalSection(SolutionProperties) = preSolution
		HideSolutionNode = FALSE
	EndGlobalSection
	GlobalSection(ExtensibilityGlobals) = postSolution
		SolutionGuid = {547C6C8B-83ED-4BDF-AEF7-744B8A3C3855}
	EndGlobalSection
EndGlobal
